
Microsoft Visual Studio Solution File, Format Version 12.00
# Visual Studio Version 17
VisualStudioVersion = 17.3.32929.385
MinimumVisualStudioVersion = 10.0.40219.1
Project("{FAE04EC0-301F-11D3-BF4B-00C04F79EFBC}") = "Weather.Android", "Weather\Weather.Android\Weather.Android.csproj", "{7F9B4212-F38F-4454-85AB-50818CCCBEDF}"
EndProject
Project("{FAE04EC0-301F-11D3-BF4B-00C04F79EFBC}") = "Weather", "Weather\Weather\Weather.csproj", "{D44124D3-7AA7-43A3-8C05-0CFB83660547}"
EndProject
Global
	GlobalSection(SolutionConfigurationPlatforms) = preSolution
		Debug|Any CPU = Debug|Any CPU
		Release|Any CPU = Release|Any CPU
	EndGlobalSection
	GlobalSection(ProjectConfigurationPlatforms) = postSolution
		{7F9B4212-F38F-4454-85AB-50818CCCBEDF}.Debug|Any CPU.ActiveCfg = Debug|Any CPU
		{7F9B4212-F38F-4454-85AB-50818CCCBEDF}.Debug|Any CPU.Build.0 = Debug|Any CPU
		{7F9B4212-F38F-4454-85AB-50818CCCBEDF}.Debug|Any CPU.Deploy.0 = Debug|Any CPU
		{7F9B4212-F38F-4454-85AB-50818CCCBEDF}.Release|Any CPU.ActiveCfg = Release|Any CPU
		{7F9B4212-F38F-4454-85AB-50818CCCBEDF}.Release|Any CPU.Build.0 = Release|Any CPU
		{7F9B4212-F38F-4454-85AB-50818CCCBEDF}.Release|Any CPU.Deploy.0 = Release|Any CPU
		{D44124D3-7AA7-43A3-8C05-0CFB83660547}.Debug|Any CPU.ActiveCfg = Debug|Any CPU
		{D44124D3-7AA7-43A3-8C05-0CFB83660547}.Debug|Any CPU.Build.0 = Debug|Any CPU
		{D44124D3-7AA7-43A3-8C05-0CFB83660547}.Debug|Any CPU.Deploy.0 = Debug|Any CPU
		{D44124D3-7AA7-43A3-8C05-0CFB83660547}.Release|Any CPU.ActiveCfg = Release|Any CPU
		{D44124D3-7AA7-43A3-8C05-0CFB83660547}.Release|Any CPU.Build.0 = Release|Any CPU
		{D44124D3-7AA7-43A3-8C05-0CFB83660547}.Release|Any CPU.Deploy.0 = Release|Any CPU
	EndGlobalSection
	GlobalSection(SolutionProperties) = preSolution
		HideSolutionNode = FALSE
	EndGlobalSection
	GlobalSection(ExtensibilityGlobals) = postSolution
		SolutionGuid = {8D82393F-7DA0-4B71-A038-5D7D8E2A4582}
	EndGlobalSection
EndGlobal
